// !$*UTF8*$!
{
	archiveVersion = 1;
	classes = {
	};
	objectVersion = 51;
	objects = {

/* Begin PBXBuildFile section */
		01E8909FCF06AB63F820A2AF /* Pods_SWXWTestProject.framework in Frameworks */ = {isa = PBXBuildFile; fileRef = 93AAEB7E94942532CDFDD37E /* Pods_SWXWTestProject.framework */; };
		587A6886231BD02D00714971 /* WSZPhotolistRequest.m in Sources */ = {isa = PBXBuildFile; fileRef = 587A6885231BD02D00714971 /* WSZPhotolistRequest.m */; };
		587A6889231BD30700714971 /* WSZPhotoListResponse.m in Sources */ = {isa = PBXBuildFile; fileRef = 587A6888231BD30700714971 /* WSZPhotoListResponse.m */; };
		58E84658231B6E99002EB680 /* AppDelegate.m in Sources */ = {isa = PBXBuildFile; fileRef = 58E84657231B6E99002EB680 /* AppDelegate.m */; };
		58E8465B231B6E99002EB680 /* ViewController.m in Sources */ = {isa = PBXBuildFile; fileRef = 58E8465A231B6E99002EB680 /* ViewController.m */; };
		58E8465E231B6E99002EB680 /* Main.storyboard in Resources */ = {isa = PBXBuildFile; fileRef = 58E8465C231B6E99002EB680 /* Main.storyboard */; };
		58E84660231B6E9D002EB680 /* Assets.xcassets in Resources */ = {isa = PBXBuildFile; fileRef = 58E8465F231B6E9D002EB680 /* Assets.xcassets */; };
		58E84663231B6E9D002EB680 /* LaunchScreen.storyboard in Resources */ = {isa = PBXBuildFile; fileRef = 58E84661231B6E9D002EB680 /* LaunchScreen.storyboard */; };
		58E84666231B6E9D002EB680 /* main.m in Sources */ = {isa = PBXBuildFile; fileRef = 58E84665231B6E9D002EB680 /* main.m */; };
		58E84670231B6E9D002EB680 /* SWXWTestProjectTests.m in Sources */ = {isa = PBXBuildFile; fileRef = 58E8466F231B6E9D002EB680 /* SWXWTestProjectTests.m */; };
		58E8467B231B6E9D002EB680 /* SWXWTestProjectUITests.m in Sources */ = {isa = PBXBuildFile; fileRef = 58E8467A231B6E9D002EB680 /* SWXWTestProjectUITests.m */; };
		58E8468B231B7178002EB680 /* WSZNetworkManager.m in Sources */ = {isa = PBXBuildFile; fileRef = 58E8468A231B7178002EB680 /* WSZNetworkManager.m */; };
		58E8468E231B71FA002EB680 /* WSZNetworkResponseObject.m in Sources */ = {isa = PBXBuildFile; fileRef = 58E8468D231B71FA002EB680 /* WSZNetworkResponseObject.m */; };
		58E84691231B771E002EB680 /* LNPhotoListViewController.m in Sources */ = {isa = PBXBuildFile; fileRef = 58E84690231B771E002EB680 /* LNPhotoListViewController.m */; };
		58E84694231B7781002EB680 /* WSZPhtoListObject.m in Sources */ = {isa = PBXBuildFile; fileRef = 58E84693231B7781002EB680 /* WSZPhtoListObject.m */; };
		58E84697231B7AFF002EB680 /* WSZPhotoCell.m in Sources */ = {isa = PBXBuildFile; fileRef = 58E84696231B7AFF002EB680 /* WSZPhotoCell.m */; };
		58E8469A231B7DB3002EB680 /* WSZPhotoModel.m in Sources */ = {isa = PBXBuildFile; fileRef = 58E84699231B7DB3002EB680 /* WSZPhotoModel.m */; };
		58E8469D231B9C9B002EB680 /* WSZProxy.m in Sources */ = {isa = PBXBuildFile; fileRef = 58E8469C231B9C9B002EB680 /* WSZProxy.m */; };
		58E846A3231BC054002EB680 /* YYWeakProxy.m in Sources */ = {isa = PBXBuildFile; fileRef = 58E8469F231BC054002EB680 /* YYWeakProxy.m */; };
		58E846A4231BC054002EB680 /* YYFPSLabel.m in Sources */ = {isa = PBXBuildFile; fileRef = 58E846A1231BC054002EB680 /* YYFPSLabel.m */; };
		58E846AA231BC6C5002EB680 /* WSZBaseRequest.m in Sources */ = {isa = PBXBuildFile; fileRef = 58E846A9231BC6C5002EB680 /* WSZBaseRequest.m */; };
		58E846AF231BC87B002EB680 /* WSZBaseResponse.m in Sources */ = {isa = PBXBuildFile; fileRef = 58E846AE231BC87B002EB680 /* WSZBaseResponse.m */; };
		58E846B2231BC97A002EB680 /* WSZBaseResponseError.m in Sources */ = {isa = PBXBuildFile; fileRef = 58E846B1231BC97A002EB680 /* WSZBaseResponseError.m */; };
		58E846B9231BCADB002EB680 /* WSZBaseCommonInfo.m in Sources */ = {isa = PBXBuildFile; fileRef = 58E846B8231BCADB002EB680 /* WSZBaseCommonInfo.m */; };
		58E846BC231BCD36002EB680 /* WSZNetBaseRequestManager.m in Sources */ = {isa = PBXBuildFile; fileRef = 58E846BB231BCD36002EB680 /* WSZNetBaseRequestManager.m */; };
		B2924F7335AE6C3826B289B6 /* Pods_SWXWTestProjectTests.framework in Frameworks */ = {isa = PBXBuildFile; fileRef = D4A3E5A7BA637A3FBB45A6AB /* Pods_SWXWTestProjectTests.framework */; };
		B5432CDC231BDBB300391C75 /* Readme in Resources */ = {isa = PBXBuildFile; fileRef = B5432CDB231BDBB300391C75 /* Readme */; };
		B9EC928D04C761442DFC06DD /* Pods_SWXWTestProjectUITests.framework in Frameworks */ = {isa = PBXBuildFile; fileRef = B0F777A69378D3300822BA00 /* Pods_SWXWTestProjectUITests.framework */; };
/* End PBXBuildFile section */

/* Begin PBXContainerItemProxy section */
		58E8466C231B6E9D002EB680 /* PBXContainerItemProxy */ = {
			isa = PBXContainerItemProxy;
			containerPortal = 58E8464B231B6E99002EB680 /* Project object */;
			proxyType = 1;
			remoteGlobalIDString = 58E84652231B6E99002EB680;
			remoteInfo = SWXWTestProject;
		};
		58E84677231B6E9D002EB680 /* PBXContainerItemProxy */ = {
			isa = PBXContainerItemProxy;
			containerPortal = 58E8464B231B6E99002EB680 /* Project object */;
			proxyType = 1;
			remoteGlobalIDString = 58E84652231B6E99002EB680;
			remoteInfo = SWXWTestProject;
		};
/* End PBXContainerItemProxy section */

/* Begin PBXFileReference section */
		4194796C9306A7BA33270639 /* Pods-SWXWTestProjectTests.release.xcconfig */ = {isa = PBXFileReference; includeInIndex = 1; lastKnownFileType = text.xcconfig; name = "Pods-SWXWTestProjectTests.release.xcconfig"; path = "Target Support Files/Pods-SWXWTestProjectTests/Pods-SWXWTestProjectTests.release.xcconfig"; sourceTree = "<group>"; };
		513DB68894CF36C956DED86A /* Pods-SWXWTestProjectTests.debug.xcconfig */ = {isa = PBXFileReference; includeInIndex = 1; lastKnownFileType = text.xcconfig; name = "Pods-SWXWTestProjectTests.debug.xcconfig"; path = "Target Support Files/Pods-SWXWTestProjectTests/Pods-SWXWTestProjectTests.debug.xcconfig"; sourceTree = "<group>"; };
		587A6884231BD02D00714971 /* WSZPhotolistRequest.h */ = {isa = PBXFileReference; lastKnownFileType = sourcecode.c.h; path = WSZPhotolistRequest.h; sourceTree = "<group>"; };
		587A6885231BD02D00714971 /* WSZPhotolistRequest.m */ = {isa = PBXFileReference; lastKnownFileType = sourcecode.c.objc; path = WSZPhotolistRequest.m; sourceTree = "<group>"; };
		587A6887231BD30700714971 /* WSZPhotoListResponse.h */ = {isa = PBXFileReference; lastKnownFileType = sourcecode.c.h; path = WSZPhotoListResponse.h; sourceTree = "<group>"; };
		587A6888231BD30700714971 /* WSZPhotoListResponse.m */ = {isa = PBXFileReference; lastKnownFileType = sourcecode.c.objc; path = WSZPhotoListResponse.m; sourceTree = "<group>"; };
		58E84653231B6E99002EB680 /* SWXWTestProject.app */ = {isa = PBXFileReference; explicitFileType = wrapper.application; includeInIndex = 0; path = SWXWTestProject.app; sourceTree = BUILT_PRODUCTS_DIR; };
		58E84656231B6E99002EB680 /* AppDelegate.h */ = {isa = PBXFileReference; lastKnownFileType = sourcecode.c.h; path = AppDelegate.h; sourceTree = "<group>"; };
		58E84657231B6E99002EB680 /* AppDelegate.m */ = {isa = PBXFileReference; lastKnownFileType = sourcecode.c.objc; path = AppDelegate.m; sourceTree = "<group>"; };
		58E84659231B6E99002EB680 /* ViewController.h */ = {isa = PBXFileReference; lastKnownFileType = sourcecode.c.h; path = ViewController.h; sourceTree = "<group>"; };
		58E8465A231B6E99002EB680 /* ViewController.m */ = {isa = PBXFileReference; lastKnownFileType = sourcecode.c.objc; path = ViewController.m; sourceTree = "<group>"; };
		58E8465D231B6E99002EB680 /* Base */ = {isa = PBXFileReference; lastKnownFileType = file.storyboard; name = Base; path = Base.lproj/Main.storyboard; sourceTree = "<group>"; };
		58E8465F231B6E9D002EB680 /* Assets.xcassets */ = {isa = PBXFileReference; lastKnownFileType = folder.assetcatalog; path = Assets.xcassets; sourceTree = "<group>"; };
		58E84662231B6E9D002EB680 /* Base */ = {isa = PBXFileReference; lastKnownFileType = file.storyboard; name = Base; path = Base.lproj/LaunchScreen.storyboard; sourceTree = "<group>"; };
		58E84664231B6E9D002EB680 /* Info.plist */ = {isa = PBXFileReference; lastKnownFileType = text.plist.xml; path = Info.plist; sourceTree = "<group>"; };
		58E84665231B6E9D002EB680 /* main.m */ = {isa = PBXFileReference; lastKnownFileType = sourcecode.c.objc; path = main.m; sourceTree = "<group>"; };
		58E8466B231B6E9D002EB680 /* SWXWTestProjectTests.xctest */ = {isa = PBXFileReference; explicitFileType = wrapper.cfbundle; includeInIndex = 0; path = SWXWTestProjectTests.xctest; sourceTree = BUILT_PRODUCTS_DIR; };
		58E8466F231B6E9D002EB680 /* SWXWTestProjectTests.m */ = {isa = PBXFileReference; lastKnownFileType = sourcecode.c.objc; path = SWXWTestProjectTests.m; sourceTree = "<group>"; };
		58E84671231B6E9D002EB680 /* Info.plist */ = {isa = PBXFileReference; lastKnownFileType = text.plist.xml; path = Info.plist; sourceTree = "<group>"; };
		58E84676231B6E9D002EB680 /* SWXWTestProjectUITests.xctest */ = {isa = PBXFileReference; explicitFileType = wrapper.cfbundle; includeInIndex = 0; path = SWXWTestProjectUITests.xctest; sourceTree = BUILT_PRODUCTS_DIR; };
		58E8467A231B6E9D002EB680 /* SWXWTestProjectUITests.m */ = {isa = PBXFileReference; lastKnownFileType = sourcecode.c.objc; path = SWXWTestProjectUITests.m; sourceTree = "<group>"; };
		58E8467C231B6E9D002EB680 /* Info.plist */ = {isa = PBXFileReference; lastKnownFileType = text.plist.xml; path = Info.plist; sourceTree = "<group>"; };
		58E84689231B7178002EB680 /* WSZNetworkManager.h */ = {isa = PBXFileReference; lastKnownFileType = sourcecode.c.h; path = WSZNetworkManager.h; sourceTree = "<group>"; };
		58E8468A231B7178002EB680 /* WSZNetworkManager.m */ = {isa = PBXFileReference; lastKnownFileType = sourcecode.c.objc; path = WSZNetworkManager.m; sourceTree = "<group>"; };
		58E8468C231B71FA002EB680 /* WSZNetworkResponseObject.h */ = {isa = PBXFileReference; lastKnownFileType = sourcecode.c.h; path = WSZNetworkResponseObject.h; sourceTree = "<group>"; };
		58E8468D231B71FA002EB680 /* WSZNetworkResponseObject.m */ = {isa = PBXFileReference; lastKnownFileType = sourcecode.c.objc; path = WSZNetworkResponseObject.m; sourceTree = "<group>"; };
		58E8468F231B771E002EB680 /* LNPhotoListViewController.h */ = {isa = PBXFileReference; lastKnownFileType = sourcecode.c.h; path = LNPhotoListViewController.h; sourceTree = "<group>"; };
		58E84690231B771E002EB680 /* LNPhotoListViewController.m */ = {isa = PBXFileReference; lastKnownFileType = sourcecode.c.objc; path = LNPhotoListViewController.m; sourceTree = "<group>"; };
		58E84692231B7781002EB680 /* WSZPhtoListObject.h */ = {isa = PBXFileReference; lastKnownFileType = sourcecode.c.h; path = WSZPhtoListObject.h; sourceTree = "<group>"; };
		58E84693231B7781002EB680 /* WSZPhtoListObject.m */ = {isa = PBXFileReference; lastKnownFileType = sourcecode.c.objc; path = WSZPhtoListObject.m; sourceTree = "<group>"; };
		58E84695231B7AFF002EB680 /* WSZPhotoCell.h */ = {isa = PBXFileReference; lastKnownFileType = sourcecode.c.h; path = WSZPhotoCell.h; sourceTree = "<group>"; };
		58E84696231B7AFF002EB680 /* WSZPhotoCell.m */ = {isa = PBXFileReference; lastKnownFileType = sourcecode.c.objc; path = WSZPhotoCell.m; sourceTree = "<group>"; };
		58E84698231B7DB3002EB680 /* WSZPhotoModel.h */ = {isa = PBXFileReference; lastKnownFileType = sourcecode.c.h; path = WSZPhotoModel.h; sourceTree = "<group>"; };
		58E84699231B7DB3002EB680 /* WSZPhotoModel.m */ = {isa = PBXFileReference; lastKnownFileType = sourcecode.c.objc; path = WSZPhotoModel.m; sourceTree = "<group>"; };
		58E8469B231B9C9B002EB680 /* WSZProxy.h */ = {isa = PBXFileReference; lastKnownFileType = sourcecode.c.h; path = WSZProxy.h; sourceTree = "<group>"; };
		58E8469C231B9C9B002EB680 /* WSZProxy.m */ = {isa = PBXFileReference; lastKnownFileType = sourcecode.c.objc; path = WSZProxy.m; sourceTree = "<group>"; };
		58E8469F231BC054002EB680 /* YYWeakProxy.m */ = {isa = PBXFileReference; fileEncoding = 4; lastKnownFileType = sourcecode.c.objc; path = YYWeakProxy.m; sourceTree = "<group>"; };
		58E846A0231BC054002EB680 /* YYFPSLabel.h */ = {isa = PBXFileReference; fileEncoding = 4; lastKnownFileType = sourcecode.c.h; path = YYFPSLabel.h; sourceTree = "<group>"; };
		58E846A1231BC054002EB680 /* YYFPSLabel.m */ = {isa = PBXFileReference; fileEncoding = 4; lastKnownFileType = sourcecode.c.objc; path = YYFPSLabel.m; sourceTree = "<group>"; };
		58E846A2231BC054002EB680 /* YYWeakProxy.h */ = {isa = PBXFileReference; fileEncoding = 4; lastKnownFileType = sourcecode.c.h; path = YYWeakProxy.h; sourceTree = "<group>"; };
		58E846A8231BC6C5002EB680 /* WSZBaseRequest.h */ = {isa = PBXFileReference; lastKnownFileType = sourcecode.c.h; path = WSZBaseRequest.h; sourceTree = "<group>"; };
		58E846A9231BC6C5002EB680 /* WSZBaseRequest.m */ = {isa = PBXFileReference; lastKnownFileType = sourcecode.c.objc; path = WSZBaseRequest.m; sourceTree = "<group>"; };
		58E846AB231BC6F3002EB680 /* WSZBaseRequestConfigProtocol.h */ = {isa = PBXFileReference; lastKnownFileType = sourcecode.c.h; path = WSZBaseRequestConfigProtocol.h; sourceTree = "<group>"; };
		58E846AC231BC713002EB680 /* WSZBaseRequestProtocol.h */ = {isa = PBXFileReference; lastKnownFileType = sourcecode.c.h; path = WSZBaseRequestProtocol.h; sourceTree = "<group>"; };
		58E846AD231BC87B002EB680 /* WSZBaseResponse.h */ = {isa = PBXFileReference; lastKnownFileType = sourcecode.c.h; path = WSZBaseResponse.h; sourceTree = "<group>"; };
		58E846AE231BC87B002EB680 /* WSZBaseResponse.m */ = {isa = PBXFileReference; lastKnownFileType = sourcecode.c.objc; path = WSZBaseResponse.m; sourceTree = "<group>"; };
		58E846B0231BC97A002EB680 /* WSZBaseResponseError.h */ = {isa = PBXFileReference; lastKnownFileType = sourcecode.c.h; path = WSZBaseResponseError.h; sourceTree = "<group>"; };
		58E846B1231BC97A002EB680 /* WSZBaseResponseError.m */ = {isa = PBXFileReference; lastKnownFileType = sourcecode.c.objc; path = WSZBaseResponseError.m; sourceTree = "<group>"; };
		58E846B6231BCA09002EB680 /* WSZNetworkUtility.h */ = {isa = PBXFileReference; lastKnownFileType = sourcecode.c.h; path = WSZNetworkUtility.h; sourceTree = "<group>"; };
		58E846B7231BCADB002EB680 /* WSZBaseCommonInfo.h */ = {isa = PBXFileReference; lastKnownFileType = sourcecode.c.h; path = WSZBaseCommonInfo.h; sourceTree = "<group>"; };
		58E846B8231BCADB002EB680 /* WSZBaseCommonInfo.m */ = {isa = PBXFileReference; lastKnownFileType = sourcecode.c.objc; path = WSZBaseCommonInfo.m; sourceTree = "<group>"; };
		58E846BA231BCD36002EB680 /* WSZNetBaseRequestManager.h */ = {isa = PBXFileReference; lastKnownFileType = sourcecode.c.h; path = WSZNetBaseRequestManager.h; sourceTree = "<group>"; };
		58E846BB231BCD36002EB680 /* WSZNetBaseRequestManager.m */ = {isa = PBXFileReference; lastKnownFileType = sourcecode.c.objc; path = WSZNetBaseRequestManager.m; sourceTree = "<group>"; };
		76094A5F10BA36118DCCAC75 /* Pods-SWXWTestProjectUITests.release.xcconfig */ = {isa = PBXFileReference; includeInIndex = 1; lastKnownFileType = text.xcconfig; name = "Pods-SWXWTestProjectUITests.release.xcconfig"; path = "Target Support Files/Pods-SWXWTestProjectUITests/Pods-SWXWTestProjectUITests.release.xcconfig"; sourceTree = "<group>"; };
		7958F48787EE90AE27A7C114 /* Pods-SWXWTestProject.debug.xcconfig */ = {isa = PBXFileReference; includeInIndex = 1; lastKnownFileType = text.xcconfig; name = "Pods-SWXWTestProject.debug.xcconfig"; path = "Target Support Files/Pods-SWXWTestProject/Pods-SWXWTestProject.debug.xcconfig"; sourceTree = "<group>"; };
		79E3FDEDE93EA7CB71949872 /* Pods-SWXWTestProjectUITests.debug.xcconfig */ = {isa = PBXFileReference; includeInIndex = 1; lastKnownFileType = text.xcconfig; name = "Pods-SWXWTestProjectUITests.debug.xcconfig"; path = "Target Support Files/Pods-SWXWTestProjectUITests/Pods-SWXWTestProjectUITests.debug.xcconfig"; sourceTree = "<group>"; };
		8D134765DF90C35E287E5A09 /* Pods-SWXWTestProject.release.xcconfig */ = {isa = PBXFileReference; includeInIndex = 1; lastKnownFileType = text.xcconfig; name = "Pods-SWXWTestProject.release.xcconfig"; path = "Target Support Files/Pods-SWXWTestProject/Pods-SWXWTestProject.release.xcconfig"; sourceTree = "<group>"; };
		93AAEB7E94942532CDFDD37E /* Pods_SWXWTestProject.framework */ = {isa = PBXFileReference; explicitFileType = wrapper.framework; includeInIndex = 0; path = Pods_SWXWTestProject.framework; sourceTree = BUILT_PRODUCTS_DIR; };
		B0F777A69378D3300822BA00 /* Pods_SWXWTestProjectUITests.framework */ = {isa = PBXFileReference; explicitFileType = wrapper.framework; includeInIndex = 0; path = Pods_SWXWTestProjectUITests.framework; sourceTree = BUILT_PRODUCTS_DIR; };
		B5432CDB231BDBB300391C75 /* Readme */ = {isa = PBXFileReference; lastKnownFileType = text; path = Readme; sourceTree = "<group>"; };
		D4A3E5A7BA637A3FBB45A6AB /* Pods_SWXWTestProjectTests.framework */ = {isa = PBXFileReference; explicitFileType = wrapper.framework; includeInIndex = 0; path = Pods_SWXWTestProjectTests.framework; sourceTree = BUILT_PRODUCTS_DIR; };
/* End PBXFileReference section */

/* Begin PBXFrameworksBuildPhase section */
		58E84650231B6E99002EB680 /* Frameworks */ = {
			isa = PBXFrameworksBuildPhase;
			buildActionMask = 2147483647;
			files = (
				01E8909FCF06AB63F820A2AF /* Pods_SWXWTestProject.framework in Frameworks */,
			);
			runOnlyForDeploymentPostprocessing = 0;
		};
		58E84668231B6E9D002EB680 /* Frameworks */ = {
			isa = PBXFrameworksBuildPhase;
			buildActionMask = 2147483647;
			files = (
				B2924F7335AE6C3826B289B6 /* Pods_SWXWTestProjectTests.framework in Frameworks */,
			);
			runOnlyForDeploymentPostprocessing = 0;
		};
		58E84673231B6E9D002EB680 /* Frameworks */ = {
			isa = PBXFrameworksBuildPhase;
			buildActionMask = 2147483647;
			files = (
				B9EC928D04C761442DFC06DD /* Pods_SWXWTestProjectUITests.framework in Frameworks */,
			);
			runOnlyForDeploymentPostprocessing = 0;
		};
/* End PBXFrameworksBuildPhase section */

/* Begin PBXGroup section */
		58E8464A231B6E99002EB680 = {
			isa = PBXGroup;
			children = (
				58E84655231B6E99002EB680 /* SWXWTestProject */,
				58E8466E231B6E9D002EB680 /* SWXWTestProjectTests */,
				58E84679231B6E9D002EB680 /* SWXWTestProjectUITests */,
				58E84654231B6E99002EB680 /* Products */,
				B16CFF4942C8A98824D26FFF /* Pods */,
				79495F599B5C7CDFD1B98DA2 /* Frameworks */,
			);
			sourceTree = "<group>";
		};
		58E84654231B6E99002EB680 /* Products */ = {
			isa = PBXGroup;
			children = (
				58E84653231B6E99002EB680 /* SWXWTestProject.app */,
				58E8466B231B6E9D002EB680 /* SWXWTestProjectTests.xctest */,
				58E84676231B6E9D002EB680 /* SWXWTestProjectUITests.xctest */,
			);
			name = Products;
			sourceTree = "<group>";
		};
		58E84655231B6E99002EB680 /* SWXWTestProject */ = {
			isa = PBXGroup;
			children = (
				58E8469E231BC054002EB680 /* YYFPSLabel */,
				58E84688231B710F002EB680 /* Network */,
				58E84656231B6E99002EB680 /* AppDelegate.h */,
				58E84657231B6E99002EB680 /* AppDelegate.m */,
				B5432CD4231BDA8D00391C75 /* Moudle */,
				58E84659231B6E99002EB680 /* ViewController.h */,
				58E8465A231B6E99002EB680 /* ViewController.m */,
				58E8465C231B6E99002EB680 /* Main.storyboard */,
				58E8465F231B6E9D002EB680 /* Assets.xcassets */,
				58E84661231B6E9D002EB680 /* LaunchScreen.storyboard */,
				58E84664231B6E9D002EB680 /* Info.plist */,
				58E84665231B6E9D002EB680 /* main.m */,
				B5432CDB231BDBB300391C75 /* Readme */,
			);
			path = SWXWTestProject;
			sourceTree = "<group>";
		};
		58E8466E231B6E9D002EB680 /* SWXWTestProjectTests */ = {
			isa = PBXGroup;
			children = (
				58E8466F231B6E9D002EB680 /* SWXWTestProjectTests.m */,
				58E84671231B6E9D002EB680 /* Info.plist */,
			);
			path = SWXWTestProjectTests;
			sourceTree = "<group>";
		};
		58E84679231B6E9D002EB680 /* SWXWTestProjectUITests */ = {
			isa = PBXGroup;
			children = (
				58E8467A231B6E9D002EB680 /* SWXWTestProjectUITests.m */,
				58E8467C231B6E9D002EB680 /* Info.plist */,
			);
			path = SWXWTestProjectUITests;
			sourceTree = "<group>";
		};
		58E84688231B710F002EB680 /* Network */ = {
			isa = PBXGroup;
			children = (
				58E84689231B7178002EB680 /* WSZNetworkManager.h */,
				58E8468A231B7178002EB680 /* WSZNetworkManager.m */,
				58E8468C231B71FA002EB680 /* WSZNetworkResponseObject.h */,
				58E8468D231B71FA002EB680 /* WSZNetworkResponseObject.m */,
				58E846B6231BCA09002EB680 /* WSZNetworkUtility.h */,
				58E846A8231BC6C5002EB680 /* WSZBaseRequest.h */,
				58E846A9231BC6C5002EB680 /* WSZBaseRequest.m */,
				58E846AD231BC87B002EB680 /* WSZBaseResponse.h */,
				58E846AE231BC87B002EB680 /* WSZBaseResponse.m */,
				58E846B7231BCADB002EB680 /* WSZBaseCommonInfo.h */,
				58E846B8231BCADB002EB680 /* WSZBaseCommonInfo.m */,
				58E846BA231BCD36002EB680 /* WSZNetBaseRequestManager.h */,
				58E846BB231BCD36002EB680 /* WSZNetBaseRequestManager.m */,
				58E846AB231BC6F3002EB680 /* WSZBaseRequestConfigProtocol.h */,
				58E846AC231BC713002EB680 /* WSZBaseRequestProtocol.h */,
				58E846B0231BC97A002EB680 /* WSZBaseResponseError.h */,
				58E846B1231BC97A002EB680 /* WSZBaseResponseError.m */,
			);
			path = Network;
			sourceTree = "<group>";
		};
		58E8469E231BC054002EB680 /* YYFPSLabel */ = {
			isa = PBXGroup;
			children = (
				58E8469F231BC054002EB680 /* YYWeakProxy.m */,
				58E846A0231BC054002EB680 /* YYFPSLabel.h */,
				58E846A1231BC054002EB680 /* YYFPSLabel.m */,
				58E846A2231BC054002EB680 /* YYWeakProxy.h */,
			);
			path = YYFPSLabel;
			sourceTree = "<group>";
		};
		79495F599B5C7CDFD1B98DA2 /* Frameworks */ = {
			isa = PBXGroup;
			children = (
				93AAEB7E94942532CDFDD37E /* Pods_SWXWTestProject.framework */,
				D4A3E5A7BA637A3FBB45A6AB /* Pods_SWXWTestProjectTests.framework */,
				B0F777A69378D3300822BA00 /* Pods_SWXWTestProjectUITests.framework */,
			);
			name = Frameworks;
			sourceTree = "<group>";
		};
		B16CFF4942C8A98824D26FFF /* Pods */ = {
			isa = PBXGroup;
			children = (
				7958F48787EE90AE27A7C114 /* Pods-SWXWTestProject.debug.xcconfig */,
				8D134765DF90C35E287E5A09 /* Pods-SWXWTestProject.release.xcconfig */,
				513DB68894CF36C956DED86A /* Pods-SWXWTestProjectTests.debug.xcconfig */,
				4194796C9306A7BA33270639 /* Pods-SWXWTestProjectTests.release.xcconfig */,
				79E3FDEDE93EA7CB71949872 /* Pods-SWXWTestProjectUITests.debug.xcconfig */,
				76094A5F10BA36118DCCAC75 /* Pods-SWXWTestProjectUITests.release.xcconfig */,
			);
			path = Pods;
			sourceTree = "<group>";
		};
		B5432CD4231BDA8D00391C75 /* Moudle */ = {
			isa = PBXGroup;
			children = (
				B5432CD5231BDA9E00391C75 /* MVC */,
			);
			path = Moudle;
			sourceTree = "<group>";
		};
		B5432CD5231BDA9E00391C75 /* MVC */ = {
			isa = PBXGroup;
			children = (
				B5432CDA231BDB4800391C75 /* Helper */,
				B5432CD9231BDB2400391C75 /* Request */,
				B5432CD8231BDAD400391C75 /* Controller */,
				B5432CD7231BDABD00391C75 /* View */,
				B5432CD6231BDAB100391C75 /* Model */,
			);
			path = MVC;
			sourceTree = "<group>";
		};
		B5432CD6231BDAB100391C75 /* Model */ = {
			isa = PBXGroup;
			children = (
				58E84698231B7DB3002EB680 /* WSZPhotoModel.h */,
				58E84699231B7DB3002EB680 /* WSZPhotoModel.m */,
			);
			path = Model;
			sourceTree = "<group>";
		};
		B5432CD7231BDABD00391C75 /* View */ = {
			isa = PBXGroup;
			children = (
				58E84695231B7AFF002EB680 /* WSZPhotoCell.h */,
				58E84696231B7AFF002EB680 /* WSZPhotoCell.m */,
			);
			path = View;
			sourceTree = "<group>";
		};
		B5432CD8231BDAD400391C75 /* Controller */ = {
			isa = PBXGroup;
			children = (
				58E8468F231B771E002EB680 /* LNPhotoListViewController.h */,
				58E84690231B771E002EB680 /* LNPhotoListViewController.m */,
			);
			path = Controller;
			sourceTree = "<group>";
		};
		B5432CD9231BDB2400391C75 /* Request */ = {
			isa = PBXGroup;
			children = (
				587A6884231BD02D00714971 /* WSZPhotolistRequest.h */,
				587A6885231BD02D00714971 /* WSZPhotolistRequest.m */,
				587A6887231BD30700714971 /* WSZPhotoListResponse.h */,
				587A6888231BD30700714971 /* WSZPhotoListResponse.m */,
			);
			path = Request;
			sourceTree = "<group>";
		};
		B5432CDA231BDB4800391C75 /* Helper */ = {
			isa = PBXGroup;
			children = (
				58E8469B231B9C9B002EB680 /* WSZProxy.h */,
				58E8469C231B9C9B002EB680 /* WSZProxy.m */,
				58E84692231B7781002EB680 /* WSZPhtoListObject.h */,
				58E84693231B7781002EB680 /* WSZPhtoListObject.m */,
			);
			path = Helper;
			sourceTree = "<group>";
		};
/* End PBXGroup section */

/* Begin PBXNativeTarget section */
		58E84652231B6E99002EB680 /* SWXWTestProject */ = {
			isa = PBXNativeTarget;
			buildConfigurationList = 58E8467F231B6E9D002EB680 /* Build configuration list for PBXNativeTarget "SWXWTestProject" */;
			buildPhases = (
				0A49741D80F3BFBB06508817 /* [CP] Check Pods Manifest.lock */,
				58E8464F231B6E99002EB680 /* Sources */,
				58E84650231B6E99002EB680 /* Frameworks */,
				58E84651231B6E99002EB680 /* Resources */,
				460E0F147B51E288B2EC7872 /* [CP] Embed Pods Frameworks */,
			);
			buildRules = (
			);
			dependencies = (
			);
			name = SWXWTestProject;
			productName = SWXWTestProject;
			productReference = 58E84653231B6E99002EB680 /* SWXWTestProject.app */;
			productType = "com.apple.product-type.application";
		};
		58E8466A231B6E9D002EB680 /* SWXWTestProjectTests */ = {
			isa = PBXNativeTarget;
			buildConfigurationList = 58E84682231B6E9D002EB680 /* Build configuration list for PBXNativeTarget "SWXWTestProjectTests" */;
			buildPhases = (
				680622A93E2E78F7183AB32A /* [CP] Check Pods Manifest.lock */,
				58E84667231B6E9D002EB680 /* Sources */,
				58E84668231B6E9D002EB680 /* Frameworks */,
				58E84669231B6E9D002EB680 /* Resources */,
			);
			buildRules = (
			);
			dependencies = (
				58E8466D231B6E9D002EB680 /* PBXTargetDependency */,
			);
			name = SWXWTestProjectTests;
			productName = SWXWTestProjectTests;
			productReference = 58E8466B231B6E9D002EB680 /* SWXWTestProjectTests.xctest */;
			productType = "com.apple.product-type.bundle.unit-test";
		};
		58E84675231B6E9D002EB680 /* SWXWTestProjectUITests */ = {
			isa = PBXNativeTarget;
			buildConfigurationList = 58E84685231B6E9D002EB680 /* Build configuration list for PBXNativeTarget "SWXWTestProjectUITests" */;
			buildPhases = (
				70FB5B428D3CD06D3DD6BF14 /* [CP] Check Pods Manifest.lock */,
				58E84672231B6E9D002EB680 /* Sources */,
				58E84673231B6E9D002EB680 /* Frameworks */,
				58E84674231B6E9D002EB680 /* Resources */,
			);
			buildRules = (
			);
			dependencies = (
				58E84678231B6E9D002EB680 /* PBXTargetDependency */,
			);
			name = SWXWTestProjectUITests;
			productName = SWXWTestProjectUITests;
			productReference = 58E84676231B6E9D002EB680 /* SWXWTestProjectUITests.xctest */;
			productType = "com.apple.product-type.bundle.ui-testing";
		};
/* End PBXNativeTarget section */

/* Begin PBXProject section */
		58E8464B231B6E99002EB680 /* Project object */ = {
			isa = PBXProject;
			attributes = {
				LastUpgradeCheck = 1030;
				ORGANIZATIONNAME = wsz;
				TargetAttributes = {
					58E84652231B6E99002EB680 = {
						CreatedOnToolsVersion = 10.3;
					};
					58E8466A231B6E9D002EB680 = {
						CreatedOnToolsVersion = 10.3;
						TestTargetID = 58E84652231B6E99002EB680;
					};
					58E84675231B6E9D002EB680 = {
						CreatedOnToolsVersion = 10.3;
						TestTargetID = 58E84652231B6E99002EB680;
					};
				};
			};
			buildConfigurationList = 58E8464E231B6E99002EB680 /* Build configuration list for PBXProject "SWXWTestProject" */;
			compatibilityVersion = "Xcode 9.3";
			developmentRegion = en;
			hasScannedForEncodings = 0;
			knownRegions = (
				en,
				Base,
			);
			mainGroup = 58E8464A231B6E99002EB680;
			productRefGroup = 58E84654231B6E99002EB680 /* Products */;
			projectDirPath = "";
			projectRoot = "";
			targets = (
				58E84652231B6E99002EB680 /* SWXWTestProject */,
				58E8466A231B6E9D002EB680 /* SWXWTestProjectTests */,
				58E84675231B6E9D002EB680 /* SWXWTestProjectUITests */,
			);
		};
/* End PBXProject section */

/* Begin PBXResourcesBuildPhase section */
		58E84651231B6E99002EB680 /* Resources */ = {
			isa = PBXResourcesBuildPhase;
			buildActionMask = 2147483647;
			files = (
				B5432CDC231BDBB300391C75 /* Readme in Resources */,
				58E84663231B6E9D002EB680 /* LaunchScreen.storyboard in Resources */,
				58E84660231B6E9D002EB680 /* Assets.xcassets in Resources */,
				58E8465E231B6E99002EB680 /* Main.storyboard in Resources */,
			);
			runOnlyForDeploymentPostprocessing = 0;
		};
		58E84669231B6E9D002EB680 /* Resources */ = {
			isa = PBXResourcesBuildPhase;
			buildActionMask = 2147483647;
			files = (
			);
			runOnlyForDeploymentPostprocessing = 0;
		};
		58E84674231B6E9D002EB680 /* Resources */ = {
			isa = PBXResourcesBuildPhase;
			buildActionMask = 2147483647;
			files = (
			);
			runOnlyForDeploymentPostprocessing = 0;
		};
/* End PBXResourcesBuildPhase section */

/* Begin PBXShellScriptBuildPhase section */
		0A49741D80F3BFBB06508817 /* [CP] Check Pods Manifest.lock */ = {
			isa = PBXShellScriptBuildPhase;
			buildActionMask = 2147483647;
			files = (
			);
			inputFileListPaths = (
			);
			inputPaths = (
				"${PODS_PODFILE_DIR_PATH}/Podfile.lock",
				"${PODS_ROOT}/Manifest.lock",
			);
			name = "[CP] Check Pods Manifest.lock";
			outputFileListPaths = (
			);
			outputPaths = (
				"$(DERIVED_FILE_DIR)/Pods-SWXWTestProject-checkManifestLockResult.txt",
			);
			runOnlyForDeploymentPostprocessing = 0;
			shellPath = /bin/sh;
			shellScript = "diff \"${PODS_PODFILE_DIR_PATH}/Podfile.lock\" \"${PODS_ROOT}/Manifest.lock\" > /dev/null\nif [ $? != 0 ] ; then\n    # print error to STDERR\n    echo \"error: The sandbox is not in sync with the Podfile.lock. Run 'pod install' or update your CocoaPods installation.\" >&2\n    exit 1\nfi\n# This output is used by Xcode 'outputs' to avoid re-running this script phase.\necho \"SUCCESS\" > \"${SCRIPT_OUTPUT_FILE_0}\"\n";
			showEnvVarsInLog = 0;
		};
		460E0F147B51E288B2EC7872 /* [CP] Embed Pods Frameworks */ = {
			isa = PBXShellScriptBuildPhase;
			buildActionMask = 2147483647;
			files = (
			);
			inputFileListPaths = (
				"${PODS_ROOT}/Target Support Files/Pods-SWXWTestProject/Pods-SWXWTestProject-frameworks-${CONFIGURATION}-input-files.xcfilelist",
			);
			name = "[CP] Embed Pods Frameworks";
			outputFileListPaths = (
				"${PODS_ROOT}/Target Support Files/Pods-SWXWTestProject/Pods-SWXWTestProject-frameworks-${CONFIGURATION}-output-files.xcfilelist",
			);
			runOnlyForDeploymentPostprocessing = 0;
			shellPath = /bin/sh;
			shellScript = "\"${PODS_ROOT}/Target Support Files/Pods-SWXWTestProject/Pods-SWXWTestProject-frameworks.sh\"\n";
			showEnvVarsInLog = 0;
		};
		680622A93E2E78F7183AB32A /* [CP] Check Pods Manifest.lock */ = {
			isa = PBXShellScriptBuildPhase;
			buildActionMask = 2147483647;
			files = (
			);
			inputFileListPaths = (
			);
			inputPaths = (
				"${PODS_PODFILE_DIR_PATH}/Podfile.lock",
				"${PODS_ROOT}/Manifest.lock",
			);
			name = "[CP] Check Pods Manifest.lock";
			outputFileListPaths = (
			);
			outputPaths = (
				"$(DERIVED_FILE_DIR)/Pods-SWXWTestProjectTests-checkManifestLockResult.txt",
			);
			runOnlyForDeploymentPostprocessing = 0;
			shellPath = /bin/sh;
			shellScript = "diff \"${PODS_PODFILE_DIR_PATH}/Podfile.lock\" \"${PODS_ROOT}/Manifest.lock\" > /dev/null\nif [ $? != 0 ] ; then\n    # print error to STDERR\n    echo \"error: The sandbox is not in sync with the Podfile.lock. Run 'pod install' or update your CocoaPods installation.\" >&2\n    exit 1\nfi\n# This output is used by Xcode 'outputs' to avoid re-running this script phase.\necho \"SUCCESS\" > \"${SCRIPT_OUTPUT_FILE_0}\"\n";
			showEnvVarsInLog = 0;
		};
		70FB5B428D3CD06D3DD6BF14 /* [CP] Check Pods Manifest.lock */ = {
			isa = PBXShellScriptBuildPhase;
			buildActionMask = 2147483647;
			files = (
			);
			inputFileListPaths = (
			);
			inputPaths = (
				"${PODS_PODFILE_DIR_PATH}/Podfile.lock",
				"${PODS_ROOT}/Manifest.lock",
			);
			name = "[CP] Check Pods Manifest.lock";
			outputFileListPaths = (
			);
			outputPaths = (
				"$(DERIVED_FILE_DIR)/Pods-SWXWTestProjectUITests-checkManifestLockResult.txt",
			);
			runOnlyForDeploymentPostprocessing = 0;
			shellPath = /bin/sh;
			shellScript = "diff \"${PODS_PODFILE_DIR_PATH}/Podfile.lock\" \"${PODS_ROOT}/Manifest.lock\" > /dev/null\nif [ $? != 0 ] ; then\n    # print error to STDERR\n    echo \"error: The sandbox is not in sync with the Podfile.lock. Run 'pod install' or update your CocoaPods installation.\" >&2\n    exit 1\nfi\n# This output is used by Xcode 'outputs' to avoid re-running this script phase.\necho \"SUCCESS\" > \"${SCRIPT_OUTPUT_FILE_0}\"\n";
			showEnvVarsInLog = 0;
		};
/* End PBXShellScriptBuildPhase section */

/* Begin PBXSourcesBuildPhase section */
		58E8464F231B6E99002EB680 /* Sources */ = {
			isa = PBXSourcesBuildPhase;
			buildActionMask = 2147483647;
			files = (
				58E846BC231BCD36002EB680 /* WSZNetBaseRequestManager.m in Sources */,
				58E8465B231B6E99002EB680 /* ViewController.m in Sources */,
				58E84694231B7781002EB680 /* WSZPhtoListObject.m in Sources */,
				58E846B9231BCADB002EB680 /* WSZBaseCommonInfo.m in Sources */,
				58E846AF231BC87B002EB680 /* WSZBaseResponse.m in Sources */,
				58E846A3231BC054002EB680 /* YYWeakProxy.m in Sources */,
				58E84691231B771E002EB680 /* LNPhotoListViewController.m in Sources */,
				58E8469A231B7DB3002EB680 /* WSZPhotoModel.m in Sources */,
				58E846AA231BC6C5002EB680 /* WSZBaseRequest.m in Sources */,
				58E8468E231B71FA002EB680 /* WSZNetworkResponseObject.m in Sources */,
				58E846B2231BC97A002EB680 /* WSZBaseResponseError.m in Sources */,
				58E846A4231BC054002EB680 /* YYFPSLabel.m in Sources */,
				58E84666231B6E9D002EB680 /* main.m in Sources */,
				58E84658231B6E99002EB680 /* AppDelegate.m in Sources */,
				58E8469D231B9C9B002EB680 /* WSZProxy.m in Sources */,
				58E8468B231B7178002EB680 /* WSZNetworkManager.m in Sources */,
				587A6889231BD30700714971 /* WSZPhotoListResponse.m in Sources */,
				58E84697231B7AFF002EB680 /* WSZPhotoCell.m in Sources */,
				587A6886231BD02D00714971 /* WSZPhotolistRequest.m in Sources */,
			);
			runOnlyForDeploymentPostprocessing = 0;
		};
		58E84667231B6E9D002EB680 /* Sources */ = {
			isa = PBXSourcesBuildPhase;
			buildActionMask = 2147483647;
			files = (
				58E84670231B6E9D002EB680 /* SWXWTestProjectTests.m in Sources */,
			);
			runOnlyForDeploymentPostprocessing = 0;
		};
		58E84672231B6E9D002EB680 /* Sources */ = {
			isa = PBXSourcesBuildPhase;
			buildActionMask = 2147483647;
			files = (
				58E8467B231B6E9D002EB680 /* SWXWTestProjectUITests.m in Sources */,
			);
			runOnlyForDeploymentPostprocessing = 0;
		};
/* End PBXSourcesBuildPhase section */

/* Begin PBXTargetDependency section */
		58E8466D231B6E9D002EB680 /* PBXTargetDependency */ = {
			isa = PBXTargetDependency;
			target = 58E84652231B6E99002EB680 /* SWXWTestProject */;
			targetProxy = 58E8466C231B6E9D002EB680 /* PBXContainerItemProxy */;
		};
		58E84678231B6E9D002EB680 /* PBXTargetDependency */ = {
			isa = PBXTargetDependency;
			target = 58E84652231B6E99002EB680 /* SWXWTestProject */;
			targetProxy = 58E84677231B6E9D002EB680 /* PBXContainerItemProxy */;
		};
/* End PBXTargetDependency section */

/* Begin PBXVariantGroup section */
		58E8465C231B6E99002EB680 /* Main.storyboard */ = {
			isa = PBXVariantGroup;
			children = (
				58E8465D231B6E99002EB680 /* Base */,
			);
			name = Main.storyboard;
			sourceTree = "<group>";
		};
		58E84661231B6E9D002EB680 /* LaunchScreen.storyboard */ = {
			isa = PBXVariantGroup;
			children = (
				58E84662231B6E9D002EB680 /* Base */,
			);
			name = LaunchScreen.storyboard;
			sourceTree = "<group>";
		};
/* End PBXVariantGroup section */

/* Begin XCBuildConfiguration section */
		58E8467D231B6E9D002EB680 /* Debug */ = {
			isa = XCBuildConfiguration;
			buildSettings = {
				ALWAYS_SEARCH_USER_PATHS = NO;
				CLANG_ANALYZER_NONNULL = YES;
				CLANG_ANALYZER_NUMBER_OBJECT_CONVERSION = YES_AGGRESSIVE;
				CLANG_CXX_LANGUAGE_STANDARD = "gnu++14";
				CLANG_CXX_LIBRARY = "libc++";
				CLANG_ENABLE_MODULES = YES;
				CLANG_ENABLE_OBJC_ARC = YES;
				CLANG_ENABLE_OBJC_WEAK = YES;
				CLANG_WARN_BLOCK_CAPTURE_AUTORELEASING = YES;
				CLANG_WARN_BOOL_CONVERSION = YES;
				CLANG_WARN_COMMA = YES;
				CLANG_WARN_CONSTANT_CONVERSION = YES;
				CLANG_WARN_DEPRECATED_OBJC_IMPLEMENTATIONS = YES;
				CLANG_WARN_DIRECT_OBJC_ISA_USAGE = YES_ERROR;
				CLANG_WARN_DOCUMENTATION_COMMENTS = YES;
				CLANG_WARN_EMPTY_BODY = YES;
				CLANG_WARN_ENUM_CONVERSION = YES;
				CLANG_WARN_INFINITE_RECURSION = YES;
				CLANG_WARN_INT_CONVERSION = YES;
				CLANG_WARN_NON_LITERAL_NULL_CONVERSION = YES;
				CLANG_WARN_OBJC_IMPLICIT_RETAIN_SELF = YES;
				CLANG_WARN_OBJC_LITERAL_CONVERSION = YES;
				CLANG_WARN_OBJC_ROOT_CLASS = YES_ERROR;
				CLANG_WARN_RANGE_LOOP_ANALYSIS = YES;
				CLANG_WARN_STRICT_PROTOTYPES = YES;
				CLANG_WARN_SUSPICIOUS_MOVE = YES;
				CLANG_WARN_UNGUARDED_AVAILABILITY = YES_AGGRESSIVE;
				CLANG_WARN_UNREACHABLE_CODE = YES;
				CLANG_WARN__DUPLICATE_METHOD_MATCH = YES;
				CODE_SIGN_IDENTITY = "iPhone Developer";
				COPY_PHASE_STRIP = NO;
				DEBUG_INFORMATION_FORMAT = dwarf;
				ENABLE_STRICT_OBJC_MSGSEND = YES;
				ENABLE_TESTABILITY = YES;
				GCC_C_LANGUAGE_STANDARD = gnu11;
				GCC_DYNAMIC_NO_PIC = NO;
				GCC_NO_COMMON_BLOCKS = YES;
				GCC_OPTIMIZATION_LEVEL = 0;
				GCC_PREPROCESSOR_DEFINITIONS = (
					"DEBUG=1",
					"$(inherited)",
				);
				GCC_WARN_64_TO_32_BIT_CONVERSION = YES;
				GCC_WARN_ABOUT_RETURN_TYPE = YES_ERROR;
				GCC_WARN_UNDECLARED_SELECTOR = YES;
				GCC_WARN_UNINITIALIZED_AUTOS = YES_AGGRESSIVE;
				GCC_WARN_UNUSED_FUNCTION = YES;
				GCC_WARN_UNUSED_VARIABLE = YES;
				IPHONEOS_DEPLOYMENT_TARGET = 12.4;
				MTL_ENABLE_DEBUG_INFO = INCLUDE_SOURCE;
				MTL_FAST_MATH = YES;
				ONLY_ACTIVE_ARCH = YES;
				SDKROOT = iphoneos;
			};
			name = Debug;
		};
		58E8467E231B6E9D002EB680 /* Release */ = {
			isa = XCBuildConfiguration;
			buildSettings = {
				ALWAYS_SEARCH_USER_PATHS = NO;
				CLANG_ANALYZER_NONNULL = YES;
				CLANG_ANALYZER_NUMBER_OBJECT_CONVERSION = YES_AGGRESSIVE;
				CLANG_CXX_LANGUAGE_STANDARD = "gnu++14";
				CLANG_CXX_LIBRARY = "libc++";
				CLANG_ENABLE_MODULES = YES;
				CLANG_ENABLE_OBJC_ARC = YES;
				CLANG_ENABLE_OBJC_WEAK = YES;
				CLANG_WARN_BLOCK_CAPTURE_AUTORELEASING = YES;
				CLANG_WARN_BOOL_CONVERSION = YES;
				CLANG_WARN_COMMA = YES;
				CLANG_WARN_CONSTANT_CONVERSION = YES;
				CLANG_WARN_DEPRECATED_OBJC_IMPLEMENTATIONS = YES;
				CLANG_WARN_DIRECT_OBJC_ISA_USAGE = YES_ERROR;
				CLANG_WARN_DOCUMENTATION_COMMENTS = YES;
				CLANG_WARN_EMPTY_BODY = YES;
				CLANG_WARN_ENUM_CONVERSION = YES;
				CLANG_WARN_INFINITE_RECURSION = YES;
				CLANG_WARN_INT_CONVERSION = YES;
				CLANG_WARN_NON_LITERAL_NULL_CONVERSION = YES;
				CLANG_WARN_OBJC_IMPLICIT_RETAIN_SELF = YES;
				CLANG_WARN_OBJC_LITERAL_CONVERSION = YES;
				CLANG_WARN_OBJC_ROOT_CLASS = YES_ERROR;
				CLANG_WARN_RANGE_LOOP_ANALYSIS = YES;
				CLANG_WARN_STRICT_PROTOTYPES = YES;
				CLANG_WARN_SUSPICIOUS_MOVE = YES;
				CLANG_WARN_UNGUARDED_AVAILABILITY = YES_AGGRESSIVE;
				CLANG_WARN_UNREACHABLE_CODE = YES;
				CLANG_WARN__DUPLICATE_METHOD_MATCH = YES;
				CODE_SIGN_IDENTITY = "iPhone Developer";
				COPY_PHASE_STRIP = NO;
				DEBUG_INFORMATION_FORMAT = "dwarf-with-dsym";
				ENABLE_NS_ASSERTIONS = NO;
				ENABLE_STRICT_OBJC_MSGSEND = YES;
				GCC_C_LANGUAGE_STANDARD = gnu11;
				GCC_NO_COMMON_BLOCKS = YES;
				GCC_WARN_64_TO_32_BIT_CONVERSION = YES;
				GCC_WARN_ABOUT_RETURN_TYPE = YES_ERROR;
				GCC_WARN_UNDECLARED_SELECTOR = YES;
				GCC_WARN_UNINITIALIZED_AUTOS = YES_AGGRESSIVE;
				GCC_WARN_UNUSED_FUNCTION = YES;
				GCC_WARN_UNUSED_VARIABLE = YES;
				IPHONEOS_DEPLOYMENT_TARGET = 12.4;
				MTL_ENABLE_DEBUG_INFO = NO;
				MTL_FAST_MATH = YES;
				SDKROOT = iphoneos;
				VALIDATE_PRODUCT = YES;
			};
			name = Release;
		};
		58E84680231B6E9D002EB680 /* Debug */ = {
			isa = XCBuildConfiguration;
			baseConfigurationReference = 7958F48787EE90AE27A7C114 /* Pods-SWXWTestProject.debug.xcconfig */;
			buildSettings = {
				ASSETCATALOG_COMPILER_APPICON_NAME = AppIcon;
				CODE_SIGN_STYLE = Automatic;
				INFOPLIST_FILE = SWXWTestProject/Info.plist;
				LD_RUNPATH_SEARCH_PATHS = (
					"$(inherited)",
					"@executable_path/Frameworks",
				);
				PRODUCT_BUNDLE_IDENTIFIER = WSZ.SWXWTestProject;
				PRODUCT_NAME = "$(TARGET_NAME)";
				TARGETED_DEVICE_FAMILY = "1,2";
			};
			name = Debug;
		};
		58E84681231B6E9D002EB680 /* Release */ = {
			isa = XCBuildConfiguration;
			baseConfigurationReference = 8D134765DF90C35E287E5A09 /* Pods-SWXWTestProject.release.xcconfig */;
			buildSettings = {
				ASSETCATALOG_COMPILER_APPICON_NAME = AppIcon;
				CODE_SIGN_STYLE = Automatic;
				INFOPLIST_FILE = SWXWTestProject/Info.plist;
				LD_RUNPATH_SEARCH_PATHS = (
					"$(inherited)",
					"@executable_path/Frameworks",
				);
				PRODUCT_BUNDLE_IDENTIFIER = WSZ.SWXWTestProject;
				PRODUCT_NAME = "$(TARGET_NAME)";
				TARGETED_DEVICE_FAMILY = "1,2";
			};
			name = Release;
		};
		58E84683231B6E9D002EB680 /* Debug */ = {
			isa = XCBuildConfiguration;
			baseConfigurationReference = 513DB68894CF36C956DED86A /* Pods-SWXWTestProjectTests.debug.xcconfig */;
			buildSettings = {
				BUNDLE_LOADER = "$(TEST_HOST)";
				CODE_SIGN_STYLE = Automatic;
				INFOPLIST_FILE = SWXWTestProjectTests/Info.plist;
				LD_RUNPATH_SEARCH_PATHS = (
					"$(inherited)",
					"@executable_path/Frameworks",
					"@loader_path/Frameworks",
				);
				PRODUCT_BUNDLE_IDENTIFIER = WSZ.SWXWTestProjectTests;
				PRODUCT_NAME = "$(TARGET_NAME)";
				TARGETED_DEVICE_FAMILY = "1,2";
				TEST_HOST = "$(BUILT_PRODUCTS_DIR)/SWXWTestProject.app/SWXWTestProject";
			};
			name = Debug;
		};
		58E84684231B6E9D002EB680 /* Release */ = {
			isa = XCBuildConfiguration;
			baseConfigurationReference = 4194796C9306A7BA33270639 /* Pods-SWXWTestProjectTests.release.xcconfig */;
			buildSettings = {
				BUNDLE_LOADER = "$(TEST_HOST)";
				CODE_SIGN_STYLE = Automatic;
				INFOPLIST_FILE = SWXWTestProjectTests/Info.plist;
				LD_RUNPATH_SEARCH_PATHS = (
					"$(inherited)",
					"@executable_path/Frameworks",
					"@loader_path/Frameworks",
				);
				PRODUCT_BUNDLE_IDENTIFIER = WSZ.SWXWTestProjectTests;
				PRODUCT_NAME = "$(TARGET_NAME)";
				TARGETED_DEVICE_FAMILY = "1,2";
				TEST_HOST = "$(BUILT_PRODUCTS_DIR)/SWXWTestProject.app/SWXWTestProject";
			};
			name = Release;
		};
		58E84686231B6E9D002EB680 /* Debug */ = {
			isa = XCBuildConfiguration;
			baseConfigurationReference = 79E3FDEDE93EA7CB71949872 /* Pods-SWXWTestProjectUITests.debug.xcconfig */;
			buildSettings = {
				CODE_SIGN_STYLE = Automatic;
				INFOPLIST_FILE = SWXWTestProjectUITests/Info.plist;
				LD_RUNPATH_SEARCH_PATHS = (
					"$(inherited)",
					"@executable_path/Frameworks",
					"@loader_path/Frameworks",
				);
				PRODUCT_BUNDLE_IDENTIFIER = WSZ.SWXWTestProjectUITests;
				PRODUCT_NAME = "$(TARGET_NAME)";
				TARGETED_DEVICE_FAMILY = "1,2";
				TEST_TARGET_NAME = SWXWTestProject;
			};
			name = Debug;
		};
		58E84687231B6E9D002EB680 /* Release */ = {
			isa = XCBuildConfiguration;
			baseConfigurationReference = 76094A5F10BA36118DCCAC75 /* Pods-SWXWTestProjectUITests.release.xcconfig */;
			buildSettings = {
				CODE_SIGN_STYLE = Automatic;
				INFOPLIST_FILE = SWXWTestProjectUITests/Info.plist;
				LD_RUNPATH_SEARCH_PATHS = (
					"$(inherited)",
					"@executable_path/Frameworks",
					"@loader_path/Frameworks",
				);
				PRODUCT_BUNDLE_IDENTIFIER = WSZ.SWXWTestProjectUITests;
				PRODUCT_NAME = "$(TARGET_NAME)";
				TARGETED_DEVICE_FAMILY = "1,2";
				TEST_TARGET_NAME = SWXWTestProject;
			};
			name = Release;
		};
/* End XCBuildConfiguration section */

/* Begin XCConfigurationList section */
		58E8464E231B6E99002EB680 /* Build configuration list for PBXProject "SWXWTestProject" */ = {
			isa = XCConfigurationList;
			buildConfigurations = (
				58E8467D231B6E9D002EB680 /* Debug */,
				58E8467E231B6E9D002EB680 /* Release */,
			);
			defaultConfigurationIsVisible = 0;
			defaultConfigurationName = Release;
		};
		58E8467F231B6E9D002EB680 /* Build configuration list for PBXNativeTarget "SWXWTestProject" */ = {
			isa = XCConfigurationList;
			buildConfigurations = (
				58E84680231B6E9D002EB680 /* Debug */,
				58E84681231B6E9D002EB680 /* Release */,
			);
			defaultConfigurationIsVisible = 0;
			defaultConfigurationName = Release;
		};
		58E84682231B6E9D002EB680 /* Build configuration list for PBXNativeTarget "SWXWTestProjectTests" */ = {
			isa = XCConfigurationList;
			buildConfigurations = (
				58E84683231B6E9D002EB680 /* Debug */,
				58E84684231B6E9D002EB680 /* Release */,
			);
			defaultConfigurationIsVisible = 0;
			defaultConfigurationName = Release;
		};
		58E84685231B6E9D002EB680 /* Build configuration list for PBXNativeTarget "SWXWTestProjectUITests" */ = {
			isa = XCConfigurationList;
			buildConfigurations = (
				58E84686231B6E9D002EB680 /* Debug */,
				58E84687231B6E9D002EB680 /* Release */,
			);
			defaultConfigurationIsVisible = 0;
			defaultConfigurationName = Release;
		};
/* End XCConfigurationList section */
	};
	rootObject = 58E8464B231B6E99002EB680 /* Project object */;
}
